
Microsoft Visual Studio Solution File, Format Version 12.00
# Visual Studio Version 16
VisualStudioVersion = 16.0.30503.244
MinimumVisualStudioVersion = 10.0.40219.1
Project("{FAE04EC0-301F-11D3-BF4B-00C04F79EFBC}") = "Arismendy.Herik.2A", "Arismendy.Herik.2A\Arismendy.Herik.2A.csproj", "{348E3BAC-7932-4F9B-8472-1F572B481DA2}"
EndProject
Project("{FAE04EC0-301F-11D3-BF4B-00C04F79EFBC}") = "Test", "Test\Test.csproj", "{B6B66CAB-90D0-411F-9A97-0E0AFCE6ABD9}"
EndProject
Global
	GlobalSection(SolutionConfigurationPlatforms) = preSolution
		Debug|Any CPU = Debug|Any CPU
		Release|Any CPU = Release|Any CPU
	EndGlobalSection
	GlobalSection(ProjectConfigurationPlatforms) = postSolution
		{348E3BAC-7932-4F9B-8472-1F572B481DA2}.Debug|Any CPU.ActiveCfg = Debug|Any CPU
		{348E3BAC-7932-4F9B-8472-1F572B481DA2}.Debug|Any CPU.Build.0 = Debug|Any CPU
		{348E3BAC-7932-4F9B-8472-1F572B481DA2}.Release|Any CPU.ActiveCfg = Release|Any CPU
		{348E3BAC-7932-4F9B-8472-1F572B481DA2}.Release|Any CPU.Build.0 = Release|Any CPU
		{B6B66CAB-90D0-411F-9A97-0E0AFCE6ABD9}.Debug|Any CPU.ActiveCfg = Debug|Any CPU
		{B6B66CAB-90D0-411F-9A97-0E0AFCE6ABD9}.Debug|Any CPU.Build.0 = Debug|Any CPU
		{B6B66CAB-90D0-411F-9A97-0E0AFCE6ABD9}.Release|Any CPU.ActiveCfg = Release|Any CPU
		{B6B66CAB-90D0-411F-9A97-0E0AFCE6ABD9}.Release|Any CPU.Build.0 = Release|Any CPU
	EndGlobalSection
	GlobalSection(SolutionProperties) = preSolution
		HideSolutionNode = FALSE
	EndGlobalSection
	GlobalSection(ExtensibilityGlobals) = postSolution
		SolutionGuid = {4607A96E-35AB-459B-B12D-FFA06F9A62F8}
	EndGlobalSection
EndGlobal
